
Microsoft Visual Studio Solution File, Format Version 12.00
# Visual Studio 15
VisualStudioVersion = 15.0.28010.2016
MinimumVisualStudioVersion = 10.0.40219.1
Project("{FAE04EC0-301F-11D3-BF4B-00C04F79EFBC}") = "Client", "Client\Client.csproj", "{5E3D70F8-005F-4624-A21B-31F5F75F7712}"
EndProject
Project("{FAE04EC0-301F-11D3-BF4B-00C04F79EFBC}") = "Server", "Server\Server.csproj", "{293F9E51-9A89-4C38-B3E6-96335127F4FA}"
EndProject
Project("{FAE04EC0-301F-11D3-BF4B-00C04F79EFBC}") = "OT", "DiffMatchPatch\OT.csproj", "{6CB9EE76-CF49-48B1-AC53-BEB7F5CBFD3E}"
EndProject
Project("{FAE04EC0-301F-11D3-BF4B-00C04F79EFBC}") = "Protocol", "Protocol\Protocol.csproj", "{725AE737-5975-41A2-821E-887971B2FA66}"
EndProject
Global
	GlobalSection(SolutionConfigurationPlatforms) = preSolution
		Debug|Any CPU = Debug|Any CPU
		Release|Any CPU = Release|Any CPU
	EndGlobalSection
	GlobalSection(ProjectConfigurationPlatforms) = postSolution
		{5E3D70F8-005F-4624-A21B-31F5F75F7712}.Debug|Any CPU.ActiveCfg = Debug|Any CPU
		{5E3D70F8-005F-4624-A21B-31F5F75F7712}.Debug|Any CPU.Build.0 = Debug|Any CPU
		{5E3D70F8-005F-4624-A21B-31F5F75F7712}.Release|Any CPU.ActiveCfg = Release|Any CPU
		{5E3D70F8-005F-4624-A21B-31F5F75F7712}.Release|Any CPU.Build.0 = Release|Any CPU
		{293F9E51-9A89-4C38-B3E6-96335127F4FA}.Debug|Any CPU.ActiveCfg = Debug|Any CPU
		{293F9E51-9A89-4C38-B3E6-96335127F4FA}.Debug|Any CPU.Build.0 = Debug|Any CPU
		{293F9E51-9A89-4C38-B3E6-96335127F4FA}.Release|Any CPU.ActiveCfg = Release|Any CPU
		{293F9E51-9A89-4C38-B3E6-96335127F4FA}.Release|Any CPU.Build.0 = Release|Any CPU
		{6CB9EE76-CF49-48B1-AC53-BEB7F5CBFD3E}.Debug|Any CPU.ActiveCfg = Debug|Any CPU
		{6CB9EE76-CF49-48B1-AC53-BEB7F5CBFD3E}.Debug|Any CPU.Build.0 = Debug|Any CPU
		{6CB9EE76-CF49-48B1-AC53-BEB7F5CBFD3E}.Release|Any CPU.ActiveCfg = Release|Any CPU
		{6CB9EE76-CF49-48B1-AC53-BEB7F5CBFD3E}.Release|Any CPU.Build.0 = Release|Any CPU
		{725AE737-5975-41A2-821E-887971B2FA66}.Debug|Any CPU.ActiveCfg = Debug|Any CPU
		{725AE737-5975-41A2-821E-887971B2FA66}.Debug|Any CPU.Build.0 = Debug|Any CPU
		{725AE737-5975-41A2-821E-887971B2FA66}.Release|Any CPU.ActiveCfg = Release|Any CPU
		{725AE737-5975-41A2-821E-887971B2FA66}.Release|Any CPU.Build.0 = Release|Any CPU
	EndGlobalSection
	GlobalSection(SolutionProperties) = preSolution
		HideSolutionNode = FALSE
	EndGlobalSection
	GlobalSection(ExtensibilityGlobals) = postSolution
		SolutionGuid = {8543A164-CD0B-4657-AB79-9FB2303FC0FD}
	EndGlobalSection
EndGlobal
